
Microsoft Visual Studio Solution File, Format Version 12.00
# Visual Studio Version 17
VisualStudioVersion = 17.3.32922.545
MinimumVisualStudioVersion = 10.0.40219.1
Project("{9A19103F-16F7-4668-BE54-9A1E7A4F7556}") = "Dungeon-Crawl", "Dungeon-Crawl.csproj", "{ECD54007-5978-4B87-A295-1F5A40E3E500}"
EndProject
Project("{FAE04EC0-301F-11D3-BF4B-00C04F79EFBC}") = "Dungeon-Crawl-Tests", "tests\Dungeon-Crawl-Tests\Dungeon-Crawl-Tests.csproj", "{43E89DD3-1C7E-4D6F-BD19-B8CE6A4968C8}"
EndProject
Global
	GlobalSection(SolutionConfigurationPlatforms) = preSolution
		Debug|Any CPU = Debug|Any CPU
		Release|Any CPU = Release|Any CPU
	EndGlobalSection
	GlobalSection(ProjectConfigurationPlatforms) = postSolution
		{ECD54007-5978-4B87-A295-1F5A40E3E500}.Debug|Any CPU.ActiveCfg = Debug|Any CPU
		{ECD54007-5978-4B87-A295-1F5A40E3E500}.Debug|Any CPU.Build.0 = Debug|Any CPU
		{ECD54007-5978-4B87-A295-1F5A40E3E500}.Release|Any CPU.ActiveCfg = Release|Any CPU
		{ECD54007-5978-4B87-A295-1F5A40E3E500}.Release|Any CPU.Build.0 = Release|Any CPU
		{43E89DD3-1C7E-4D6F-BD19-B8CE6A4968C8}.Debug|Any CPU.ActiveCfg = Debug|Any CPU
		{43E89DD3-1C7E-4D6F-BD19-B8CE6A4968C8}.Debug|Any CPU.Build.0 = Debug|Any CPU
		{43E89DD3-1C7E-4D6F-BD19-B8CE6A4968C8}.Release|Any CPU.ActiveCfg = Release|Any CPU
		{43E89DD3-1C7E-4D6F-BD19-B8CE6A4968C8}.Release|Any CPU.Build.0 = Release|Any CPU
	EndGlobalSection
	GlobalSection(SolutionProperties) = preSolution
		HideSolutionNode = FALSE
	EndGlobalSection
	GlobalSection(ExtensibilityGlobals) = postSolution
		SolutionGuid = {5D41C929-4F9D-4586-B6B0-7930C9910470}
	EndGlobalSection
EndGlobal
